{
  "name": "skwf-backend",
  "version": "1.0.0",
  "lockfileVersion": 3,
  "requires": true,
  "packages": {
    "": {
      "name": "skwf-backend",
      "version": "1.0.0",
      "license": "ISC",
      "dependencies": {
        "@fadlee/pocketbase-bin": "1.0.0"
      }
    },
    "node_modules/@fadlee/pocketbase-bin": {
      "version": "1.0.0",
      "resolved": "https://registry.npmjs.org/@fadlee/pocketbase-bin/-/pocketbase-bin-1.0.0.tgz",
      "integrity": "sha512-bf8EkrDkWPfJdFOwSEpDhh5EXBeuzOR3GiFMWDlvzx7/pD2D+J1GUeTjCevkTipsF7wUOEotJ8QHk14o0mqAcQ==",
      "cpu": [
        "x64",
        "arm64"
      ],
      "license": "MIT",
      "os": [
        "darwin",
        "linux",
        "win32"
      ],
      "bin": {
        "pocketbase": "bin/runner.js"
      },
      "engines": {
        "node": ">=14.0.0"
      }
    }
  }
}
